
Microsoft Visual Studio Solution File, Format Version 12.00
# Visual Studio Version 17
VisualStudioVersion = 17.8.34322.80
MinimumVisualStudioVersion = 10.0.40219.1
Project("{9A19103F-16F7-4668-BE54-9A1E7A4F7556}") = "Pdf_Conversion_Task", "Pdf_Conversion_Task.csproj", "{7D35CC36-8CE3-4032-B16B-154092460551}"
EndProject
Global
	GlobalSection(SolutionConfigurationPlatforms) = preSolution
		Debug|Any CPU = Debug|Any CPU
		Release|Any CPU = Release|Any CPU
	EndGlobalSection
	GlobalSection(ProjectConfigurationPlatforms) = postSolution
		{7D35CC36-8CE3-4032-B16B-154092460551}.Debug|Any CPU.ActiveCfg = Debug|Any CPU
		{7D35CC36-8CE3-4032-B16B-154092460551}.Debug|Any CPU.Build.0 = Debug|Any CPU
		{7D35CC36-8CE3-4032-B16B-154092460551}.Release|Any CPU.ActiveCfg = Release|Any CPU
		{7D35CC36-8CE3-4032-B16B-154092460551}.Release|Any CPU.Build.0 = Release|Any CPU
	EndGlobalSection
	GlobalSection(SolutionProperties) = preSolution
		HideSolutionNode = FALSE
	EndGlobalSection
	GlobalSection(ExtensibilityGlobals) = postSolution
		SolutionGuid = {B503B3CD-6FCE-44C2-B2AA-98099E8EA16B}
	EndGlobalSection
EndGlobal
